
Microsoft Visual Studio Solution File, Format Version 12.00
# Visual Studio Version 16
VisualStudioVersion = 16.0.32407.337
MinimumVisualStudioVersion = 10.0.40219.1
Project("{2150E333-8FDC-42A3-9474-1A3956D46DE8}") = "GUI", "GUI", "{C3B28035-A41D-4EBB-96CC-A9CE73865B62}"
EndProject
Project("{2150E333-8FDC-42A3-9474-1A3956D46DE8}") = "DATA", "DATA", "{6A674B4F-E26F-4F10-8F7C-A54D0B560922}"
EndProject
Project("{FAE04EC0-301F-11D3-BF4B-00C04F79EFBC}") = "ECO_DX_For_PUR.DATA", "..\..\DATA\ECO_DX_For_PUR.DATA\ECO_DX_For_PUR.DATA.csproj", "{DBE287E8-089A-4AFD-B09D-745F4530B9F8}"
EndProject
Project("{2150E333-8FDC-42A3-9474-1A3956D46DE8}") = "Utils", "Utils", "{743EB964-0ACD-474E-ACB6-5BE77E00CB19}"
EndProject
Project("{FAE04EC0-301F-11D3-BF4B-00C04F79EFBC}") = "ECO_DX_For_PUR.Utils", "..\..\Utils\ECO_DX_For_PUR.Utils\ECO_DX_For_PUR.Utils.csproj", "{9681FBA9-847F-4BDB-90B5-95B161FCB32B}"
EndProject
Project("{FAE04EC0-301F-11D3-BF4B-00C04F79EFBC}") = "ECO_DX_For_PUR.GUI", "ECO_DX_For_PUR.GUI\ECO_DX_For_PUR.GUI.csproj", "{245AB017-85BC-4818-8E01-5E87DD25F3ED}"
EndProject
Project("{2150E333-8FDC-42A3-9474-1A3956D46DE8}") = "Client", "Client", "{E8E9C8C3-B462-4D31-9AE4-9FE1C66B3187}"
EndProject
Project("{2150E333-8FDC-42A3-9474-1A3956D46DE8}") = "Server", "Server", "{96B14FFE-0916-45E2-9CFD-B0FADF4AF586}"
EndProject
Project("{FAE04EC0-301F-11D3-BF4B-00C04F79EFBC}") = "Client", "Client\Client.csproj", "{1F980019-D08A-4FB2-8CB6-54603A97875C}"
EndProject
Project("{FAE04EC0-301F-11D3-BF4B-00C04F79EFBC}") = "Server", "Server\Server.csproj", "{0DC14B07-1D3C-4003-B3B6-3CC57C295926}"
EndProject
Global
	GlobalSection(SolutionConfigurationPlatforms) = preSolution
		Debug|Any CPU = Debug|Any CPU
		Release|Any CPU = Release|Any CPU
	EndGlobalSection
	GlobalSection(ProjectConfigurationPlatforms) = postSolution
		{DBE287E8-089A-4AFD-B09D-745F4530B9F8}.Debug|Any CPU.ActiveCfg = Debug|Any CPU
		{DBE287E8-089A-4AFD-B09D-745F4530B9F8}.Debug|Any CPU.Build.0 = Debug|Any CPU
		{DBE287E8-089A-4AFD-B09D-745F4530B9F8}.Release|Any CPU.ActiveCfg = Release|Any CPU
		{DBE287E8-089A-4AFD-B09D-745F4530B9F8}.Release|Any CPU.Build.0 = Release|Any CPU
		{9681FBA9-847F-4BDB-90B5-95B161FCB32B}.Debug|Any CPU.ActiveCfg = Debug|Any CPU
		{9681FBA9-847F-4BDB-90B5-95B161FCB32B}.Debug|Any CPU.Build.0 = Debug|Any CPU
		{9681FBA9-847F-4BDB-90B5-95B161FCB32B}.Release|Any CPU.ActiveCfg = Release|Any CPU
		{9681FBA9-847F-4BDB-90B5-95B161FCB32B}.Release|Any CPU.Build.0 = Release|Any CPU
		{245AB017-85BC-4818-8E01-5E87DD25F3ED}.Debug|Any CPU.ActiveCfg = Debug|Any CPU
		{245AB017-85BC-4818-8E01-5E87DD25F3ED}.Debug|Any CPU.Build.0 = Debug|Any CPU
		{245AB017-85BC-4818-8E01-5E87DD25F3ED}.Release|Any CPU.ActiveCfg = Release|Any CPU
		{245AB017-85BC-4818-8E01-5E87DD25F3ED}.Release|Any CPU.Build.0 = Release|Any CPU
		{1F980019-D08A-4FB2-8CB6-54603A97875C}.Debug|Any CPU.ActiveCfg = Debug|Any CPU
		{1F980019-D08A-4FB2-8CB6-54603A97875C}.Debug|Any CPU.Build.0 = Debug|Any CPU
		{1F980019-D08A-4FB2-8CB6-54603A97875C}.Release|Any CPU.ActiveCfg = Release|Any CPU
		{1F980019-D08A-4FB2-8CB6-54603A97875C}.Release|Any CPU.Build.0 = Release|Any CPU
		{0DC14B07-1D3C-4003-B3B6-3CC57C295926}.Debug|Any CPU.ActiveCfg = Debug|Any CPU
		{0DC14B07-1D3C-4003-B3B6-3CC57C295926}.Debug|Any CPU.Build.0 = Debug|Any CPU
		{0DC14B07-1D3C-4003-B3B6-3CC57C295926}.Release|Any CPU.ActiveCfg = Release|Any CPU
		{0DC14B07-1D3C-4003-B3B6-3CC57C295926}.Release|Any CPU.Build.0 = Release|Any CPU
	EndGlobalSection
	GlobalSection(SolutionProperties) = preSolution
		HideSolutionNode = FALSE
	EndGlobalSection
	GlobalSection(NestedProjects) = preSolution
		{DBE287E8-089A-4AFD-B09D-745F4530B9F8} = {6A674B4F-E26F-4F10-8F7C-A54D0B560922}
		{9681FBA9-847F-4BDB-90B5-95B161FCB32B} = {743EB964-0ACD-474E-ACB6-5BE77E00CB19}
		{245AB017-85BC-4818-8E01-5E87DD25F3ED} = {C3B28035-A41D-4EBB-96CC-A9CE73865B62}
		{1F980019-D08A-4FB2-8CB6-54603A97875C} = {E8E9C8C3-B462-4D31-9AE4-9FE1C66B3187}
		{0DC14B07-1D3C-4003-B3B6-3CC57C295926} = {96B14FFE-0916-45E2-9CFD-B0FADF4AF586}
	EndGlobalSection
	GlobalSection(ExtensibilityGlobals) = postSolution
		SolutionGuid = {702DA4D2-094B-4453-84F0-AD960AEF6942}
	EndGlobalSection
EndGlobal
